// !$*UTF8*$!
{
	archiveVersion = 1;
	classes = {
	};
	objectVersion = 50;
	objects = {

/* Begin PBXBuildFile section */
		687E7D5B2390D21500331EAE /* AddStudentViewController.swift in Sources */ = {isa = PBXBuildFile; fileRef = 687E7D5A2390D21500331EAE /* AddStudentViewController.swift */; };
		687E7D5D2390E3AB00331EAE /* NewStudentPreviewViewController.swift in Sources */ = {isa = PBXBuildFile; fileRef = 687E7D5C2390E3AB00331EAE /* NewStudentPreviewViewController.swift */; };
		687E7D85239651A000331EAE /* EditMaterialsViewController.swift in Sources */ = {isa = PBXBuildFile; fileRef = 687E7D84239651A000331EAE /* EditMaterialsViewController.swift */; };
		687E7D87239651D900331EAE /* HeaderEditCollectionReusableView.swift in Sources */ = {isa = PBXBuildFile; fileRef = 687E7D86239651D900331EAE /* HeaderEditCollectionReusableView.swift */; };
		687E7D8A2396524100331EAE /* EditProgramCollectionViewCell.swift in Sources */ = {isa = PBXBuildFile; fileRef = 687E7D892396524100331EAE /* EditProgramCollectionViewCell.swift */; };
		687E7D8C2396597F00331EAE /* AddProgramCollectionViewCell.swift in Sources */ = {isa = PBXBuildFile; fileRef = 687E7D8B2396597F00331EAE /* AddProgramCollectionViewCell.swift */; };
		687E7D8E2396680700331EAE /* AddActivityTableViewCell.swift in Sources */ = {isa = PBXBuildFile; fileRef = 687E7D8D2396680700331EAE /* AddActivityTableViewCell.swift */; };
		687E7D9223966E6600331EAE /* NewActivityViewController.swift in Sources */ = {isa = PBXBuildFile; fileRef = 687E7D9123966E6600331EAE /* NewActivityViewController.swift */; };
		687E7D962396769100331EAE /* DefaultTextFieldTableViewCell.swift in Sources */ = {isa = PBXBuildFile; fileRef = 687E7D952396769100331EAE /* DefaultTextFieldTableViewCell.swift */; };
		687E7D98239676A200331EAE /* CustomTextFieldTableViewCell.swift in Sources */ = {isa = PBXBuildFile; fileRef = 687E7D97239676A200331EAE /* CustomTextFieldTableViewCell.swift */; };
		687E7D9A239676B100331EAE /* CheckBoxTableViewCell.swift in Sources */ = {isa = PBXBuildFile; fileRef = 687E7D99239676B100331EAE /* CheckBoxTableViewCell.swift */; };
		68A57095237E7BE1002A3014 /* StudentsTableViewCell.swift in Sources */ = {isa = PBXBuildFile; fileRef = 68A57094237E7BE1002A3014 /* StudentsTableViewCell.swift */; };
		68A570B62383D45E002A3014 /* ReportViewController.swift in Sources */ = {isa = PBXBuildFile; fileRef = 68A570B52383D45E002A3014 /* ReportViewController.swift */; };
		68A570B82383D479002A3014 /* ReportTableViewCell.swift in Sources */ = {isa = PBXBuildFile; fileRef = 68A570B72383D479002A3014 /* ReportTableViewCell.swift */; };
		68A570C72384F378002A3014 /* AddReportViewController.swift in Sources */ = {isa = PBXBuildFile; fileRef = 68A570C62384F378002A3014 /* AddReportViewController.swift */; };
		68A570CD2384F423002A3014 /* DetailTherapistReportViewController.swift in Sources */ = {isa = PBXBuildFile; fileRef = 68A570CC2384F423002A3014 /* DetailTherapistReportViewController.swift */; };
		68A570CF2384F43C002A3014 /* DetailTableViewCell.swift in Sources */ = {isa = PBXBuildFile; fileRef = 68A570CE2384F43C002A3014 /* DetailTableViewCell.swift */; };
		68A570D12384FFAD002A3014 /* ViewDetailViewController.swift in Sources */ = {isa = PBXBuildFile; fileRef = 68A570D02384FFAD002A3014 /* ViewDetailViewController.swift */; };
		68A570D5238544E4002A3014 /* NotesTableViewCell.swift in Sources */ = {isa = PBXBuildFile; fileRef = 68A570D4238544E4002A3014 /* NotesTableViewCell.swift */; };
		68A570D7238544F5002A3014 /* AttachmentsTableViewCell.swift in Sources */ = {isa = PBXBuildFile; fileRef = 68A570D6238544F5002A3014 /* AttachmentsTableViewCell.swift */; };
		68A570D92386887C002A3014 /* ActivityTableViewCell.swift in Sources */ = {isa = PBXBuildFile; fileRef = 68A570D82386887C002A3014 /* ActivityTableViewCell.swift */; };
		68A570DE2386C079002A3014 /* DetailSummaryTableViewCell.swift in Sources */ = {isa = PBXBuildFile; fileRef = 68A570DD2386C079002A3014 /* DetailSummaryTableViewCell.swift */; };
		68A570E02386C09B002A3014 /* NotesSummaryTableViewCell.swift in Sources */ = {isa = PBXBuildFile; fileRef = 68A570DF2386C09B002A3014 /* NotesSummaryTableViewCell.swift */; };
		68A570E42387C586002A3014 /* SummaryViewController.swift in Sources */ = {isa = PBXBuildFile; fileRef = 68A570E32387C586002A3014 /* SummaryViewController.swift */; };
		68A570E6238AA34B002A3014 /* ProgramCollectionViewCell.swift in Sources */ = {isa = PBXBuildFile; fileRef = 68A570E5238AA34B002A3014 /* ProgramCollectionViewCell.swift */; };
		68A570ED238AA3DE002A3014 /* MaterialsViewController.swift in Sources */ = {isa = PBXBuildFile; fileRef = 68A570EC238AA3DE002A3014 /* MaterialsViewController.swift */; };
		68A570F1238AA43C002A3014 /* ProfileViewController.swift in Sources */ = {isa = PBXBuildFile; fileRef = 68A570F0238AA43C002A3014 /* ProfileViewController.swift */; };
		68A570F7238AB389002A3014 /* ActivityViewController.swift in Sources */ = {isa = PBXBuildFile; fileRef = 68A570F6238AB389002A3014 /* ActivityViewController.swift */; };
		68A570FB238AB3EB002A3014 /* ActivityTaskTableViewCell.swift in Sources */ = {isa = PBXBuildFile; fileRef = 68A570FA238AB3EB002A3014 /* ActivityTaskTableViewCell.swift */; };
		68A570FF238AB614002A3014 /* ProgramTitleTableViewCell.swift in Sources */ = {isa = PBXBuildFile; fileRef = 68A570FE238AB614002A3014 /* ProgramTitleTableViewCell.swift */; };
		68A57101238B6EBD002A3014 /* ParentsDetailViewController.swift in Sources */ = {isa = PBXBuildFile; fileRef = 68A57100238B6EBD002A3014 /* ParentsDetailViewController.swift */; };
		68A5710B238BD3EB002A3014 /* HeaderCollectionReusableView.swift in Sources */ = {isa = PBXBuildFile; fileRef = 68A5710A238BD3EB002A3014 /* HeaderCollectionReusableView.swift */; };
		B906746D237C133E00671632 /* Students.storyboard in Resources */ = {isa = PBXBuildFile; fileRef = B906746B237C133E00671632 /* Students.storyboard */; };
		B906746F237C135300671632 /* Materials.storyboard in Resources */ = {isa = PBXBuildFile; fileRef = B906746E237C135300671632 /* Materials.storyboard */; };
		B9067472237C136400671632 /* Profile.storyboard in Resources */ = {isa = PBXBuildFile; fileRef = B9067470237C136400671632 /* Profile.storyboard */; };
		B906747B237C13E800671632 /* StudentsViewController.swift in Sources */ = {isa = PBXBuildFile; fileRef = B906747A237C13E800671632 /* StudentsViewController.swift */; };
		B91BD49A237980010015C934 /* AppDelegate.swift in Sources */ = {isa = PBXBuildFile; fileRef = B91BD499237980010015C934 /* AppDelegate.swift */; };
		B91BD49C237980010015C934 /* SceneDelegate.swift in Sources */ = {isa = PBXBuildFile; fileRef = B91BD49B237980010015C934 /* SceneDelegate.swift */; };
		B91BD49E237980010015C934 /* ViewController.swift in Sources */ = {isa = PBXBuildFile; fileRef = B91BD49D237980010015C934 /* ViewController.swift */; };
		B91BD4A1237980010015C934 /* Main.storyboard in Resources */ = {isa = PBXBuildFile; fileRef = B91BD49F237980010015C934 /* Main.storyboard */; };
		B91BD4A4237980010015C934 /* FinalChallengeApp.xcdatamodeld in Sources */ = {isa = PBXBuildFile; fileRef = B91BD4A2237980010015C934 /* FinalChallengeApp.xcdatamodeld */; };
		B91BD4A6237980020015C934 /* Assets.xcassets in Resources */ = {isa = PBXBuildFile; fileRef = B91BD4A5237980020015C934 /* Assets.xcassets */; };
		B91BD4A9237980020015C934 /* LaunchScreen.storyboard in Resources */ = {isa = PBXBuildFile; fileRef = B91BD4A7237980020015C934 /* LaunchScreen.storyboard */; };
		B91BD4B4237980020015C934 /* FinalChallengeAppTests.swift in Sources */ = {isa = PBXBuildFile; fileRef = B91BD4B3237980020015C934 /* FinalChallengeAppTests.swift */; };
		B91BD4BF237980020015C934 /* FinalChallengeAppUITests.swift in Sources */ = {isa = PBXBuildFile; fileRef = B91BD4BE237980020015C934 /* FinalChallengeAppUITests.swift */; };
		B9820B7523941DD500C4A6C3 /* EditProfileViewController.swift in Sources */ = {isa = PBXBuildFile; fileRef = B9820B7423941DD500C4A6C3 /* EditProfileViewController.swift */; };
		B982CE2F239626D00065FB1D /* SaveNewReport.swift in Sources */ = {isa = PBXBuildFile; fileRef = B982CE2E239626D00065FB1D /* SaveNewReport.swift */; };
		B9A2EEDF238BD63E0041BB93 /* AddReportModelCK.swift in Sources */ = {isa = PBXBuildFile; fileRef = B9A2EEDE238BD63E0041BB93 /* AddReportModelCK.swift */; };
		B9B548FE237C195000ACB625 /* CloudKit.framework in Frameworks */ = {isa = PBXBuildFile; fileRef = B9B548FD237C195000ACB625 /* CloudKit.framework */; };
		B9BC0D99238420A30063DC95 /* ParentNotesCKModel.swift in Sources */ = {isa = PBXBuildFile; fileRef = B9BC0D98238420A30063DC95 /* ParentNotesCKModel.swift */; };
		B9BC0D9B238537040063DC95 /* ProfileTherapistCKModel.swift in Sources */ = {isa = PBXBuildFile; fileRef = B9BC0D9A238537040063DC95 /* ProfileTherapistCKModel.swift */; };
		B9C016FF2395291E0051D9FC /* SaveEditedProfile.swift in Sources */ = {isa = PBXBuildFile; fileRef = B9C016FE2395291E0051D9FC /* SaveEditedProfile.swift */; };
		B9D1302C23969E1100A4F8B2 /* DetailedReportDataManager.swift in Sources */ = {isa = PBXBuildFile; fileRef = B9D1302B23969E1100A4F8B2 /* DetailedReportDataManager.swift */; };
		B9D1302E2397686500A4F8B2 /* DetailedReportCKModel.swift in Sources */ = {isa = PBXBuildFile; fileRef = B9D1302D2397686500A4F8B2 /* DetailedReportCKModel.swift */; };
		B9D1303023981F5B00A4F8B2 /* DetailedParentNotesDataManager.swift in Sources */ = {isa = PBXBuildFile; fileRef = B9D1302F23981F5B00A4F8B2 /* DetailedParentNotesDataManager.swift */; };
		B9D9B32A23829614005CCDBB /* TherapySessionCKModel.swift in Sources */ = {isa = PBXBuildFile; fileRef = B9D9B32923829614005CCDBB /* TherapySessionCKModel.swift */; };
		B9F81F8D237D44DD0040F09C /* StudentCKModel.swift in Sources */ = {isa = PBXBuildFile; fileRef = B9F81F8C237D44DD0040F09C /* StudentCKModel.swift */; };
		B9F81F93237E835E0040F09C /* TherapyScheduleCKModel.swift in Sources */ = {isa = PBXBuildFile; fileRef = B9F81F92237E835E0040F09C /* TherapyScheduleCKModel.swift */; };
		B9F87B142398DF6B00985864 /* ImagePickerManager.swift in Sources */ = {isa = PBXBuildFile; fileRef = B9F87B132398DF6B00985864 /* ImagePickerManager.swift */; };
/* End PBXBuildFile section */

/* Begin PBXContainerItemProxy section */
		B91BD4B0237980020015C934 /* PBXContainerItemProxy */ = {
			isa = PBXContainerItemProxy;
			containerPortal = B91BD48E237980010015C934 /* Project object */;
			proxyType = 1;
			remoteGlobalIDString = B91BD495237980010015C934;
			remoteInfo = FinalChallengeApp;
		};
		B91BD4BB237980020015C934 /* PBXContainerItemProxy */ = {
			isa = PBXContainerItemProxy;
			containerPortal = B91BD48E237980010015C934 /* Project object */;
			proxyType = 1;
			remoteGlobalIDString = B91BD495237980010015C934;
			remoteInfo = FinalChallengeApp;
		};
/* End PBXContainerItemProxy section */

/* Begin PBXFileReference section */
		687E7D5A2390D21500331EAE /* AddStudentViewController.swift */ = {isa = PBXFileReference; lastKnownFileType = sourcecode.swift; path = AddStudentViewController.swift; sourceTree = "<group>"; };
		687E7D5C2390E3AB00331EAE /* NewStudentPreviewViewController.swift */ = {isa = PBXFileReference; lastKnownFileType = sourcecode.swift; path = NewStudentPreviewViewController.swift; sourceTree = "<group>"; };
		687E7D84239651A000331EAE /* EditMaterialsViewController.swift */ = {isa = PBXFileReference; lastKnownFileType = sourcecode.swift; path = EditMaterialsViewController.swift; sourceTree = "<group>"; };
		687E7D86239651D900331EAE /* HeaderEditCollectionReusableView.swift */ = {isa = PBXFileReference; lastKnownFileType = sourcecode.swift; path = HeaderEditCollectionReusableView.swift; sourceTree = "<group>"; };
		687E7D892396524100331EAE /* EditProgramCollectionViewCell.swift */ = {isa = PBXFileReference; lastKnownFileType = sourcecode.swift; path = EditProgramCollectionViewCell.swift; sourceTree = "<group>"; };
		687E7D8B2396597F00331EAE /* AddProgramCollectionViewCell.swift */ = {isa = PBXFileReference; lastKnownFileType = sourcecode.swift; path = AddProgramCollectionViewCell.swift; sourceTree = "<group>"; };
		687E7D8D2396680700331EAE /* AddActivityTableViewCell.swift */ = {isa = PBXFileReference; lastKnownFileType = sourcecode.swift; path = AddActivityTableViewCell.swift; sourceTree = "<group>"; };
		687E7D9123966E6600331EAE /* NewActivityViewController.swift */ = {isa = PBXFileReference; lastKnownFileType = sourcecode.swift; path = NewActivityViewController.swift; sourceTree = "<group>"; };
		687E7D952396769100331EAE /* DefaultTextFieldTableViewCell.swift */ = {isa = PBXFileReference; lastKnownFileType = sourcecode.swift; path = DefaultTextFieldTableViewCell.swift; sourceTree = "<group>"; };
		687E7D97239676A200331EAE /* CustomTextFieldTableViewCell.swift */ = {isa = PBXFileReference; lastKnownFileType = sourcecode.swift; path = CustomTextFieldTableViewCell.swift; sourceTree = "<group>"; };
		687E7D99239676B100331EAE /* CheckBoxTableViewCell.swift */ = {isa = PBXFileReference; lastKnownFileType = sourcecode.swift; path = CheckBoxTableViewCell.swift; sourceTree = "<group>"; };
		68A57094237E7BE1002A3014 /* StudentsTableViewCell.swift */ = {isa = PBXFileReference; lastKnownFileType = sourcecode.swift; path = StudentsTableViewCell.swift; sourceTree = "<group>"; };
		68A570B52383D45E002A3014 /* ReportViewController.swift */ = {isa = PBXFileReference; lastKnownFileType = sourcecode.swift; path = ReportViewController.swift; sourceTree = "<group>"; };
		68A570B72383D479002A3014 /* ReportTableViewCell.swift */ = {isa = PBXFileReference; lastKnownFileType = sourcecode.swift; path = ReportTableViewCell.swift; sourceTree = "<group>"; };
		68A570C62384F378002A3014 /* AddReportViewController.swift */ = {isa = PBXFileReference; lastKnownFileType = sourcecode.swift; path = AddReportViewController.swift; sourceTree = "<group>"; };
		68A570CC2384F423002A3014 /* DetailTherapistReportViewController.swift */ = {isa = PBXFileReference; lastKnownFileType = sourcecode.swift; path = DetailTherapistReportViewController.swift; sourceTree = "<group>"; };
		68A570CE2384F43C002A3014 /* DetailTableViewCell.swift */ = {isa = PBXFileReference; lastKnownFileType = sourcecode.swift; path = DetailTableViewCell.swift; sourceTree = "<group>"; };
		68A570D02384FFAD002A3014 /* ViewDetailViewController.swift */ = {isa = PBXFileReference; lastKnownFileType = sourcecode.swift; path = ViewDetailViewController.swift; sourceTree = "<group>"; };
		68A570D4238544E4002A3014 /* NotesTableViewCell.swift */ = {isa = PBXFileReference; lastKnownFileType = sourcecode.swift; path = NotesTableViewCell.swift; sourceTree = "<group>"; };
		68A570D6238544F5002A3014 /* AttachmentsTableViewCell.swift */ = {isa = PBXFileReference; lastKnownFileType = sourcecode.swift; path = AttachmentsTableViewCell.swift; sourceTree = "<group>"; };
		68A570D82386887C002A3014 /* ActivityTableViewCell.swift */ = {isa = PBXFileReference; lastKnownFileType = sourcecode.swift; path = ActivityTableViewCell.swift; sourceTree = "<group>"; };
		68A570DD2386C079002A3014 /* DetailSummaryTableViewCell.swift */ = {isa = PBXFileReference; lastKnownFileType = sourcecode.swift; path = DetailSummaryTableViewCell.swift; sourceTree = "<group>"; };
		68A570DF2386C09B002A3014 /* NotesSummaryTableViewCell.swift */ = {isa = PBXFileReference; lastKnownFileType = sourcecode.swift; path = NotesSummaryTableViewCell.swift; sourceTree = "<group>"; };
		68A570E32387C586002A3014 /* SummaryViewController.swift */ = {isa = PBXFileReference; lastKnownFileType = sourcecode.swift; path = SummaryViewController.swift; sourceTree = "<group>"; };
		68A570E5238AA34B002A3014 /* ProgramCollectionViewCell.swift */ = {isa = PBXFileReference; lastKnownFileType = sourcecode.swift; path = ProgramCollectionViewCell.swift; sourceTree = "<group>"; };
		68A570EC238AA3DE002A3014 /* MaterialsViewController.swift */ = {isa = PBXFileReference; lastKnownFileType = sourcecode.swift; path = MaterialsViewController.swift; sourceTree = "<group>"; };
		68A570F0238AA43C002A3014 /* ProfileViewController.swift */ = {isa = PBXFileReference; lastKnownFileType = sourcecode.swift; path = ProfileViewController.swift; sourceTree = "<group>"; };
		68A570F6238AB389002A3014 /* ActivityViewController.swift */ = {isa = PBXFileReference; lastKnownFileType = sourcecode.swift; path = ActivityViewController.swift; sourceTree = "<group>"; };
		68A570FA238AB3EB002A3014 /* ActivityTaskTableViewCell.swift */ = {isa = PBXFileReference; lastKnownFileType = sourcecode.swift; path = ActivityTaskTableViewCell.swift; sourceTree = "<group>"; };
		68A570FE238AB614002A3014 /* ProgramTitleTableViewCell.swift */ = {isa = PBXFileReference; lastKnownFileType = sourcecode.swift; path = ProgramTitleTableViewCell.swift; sourceTree = "<group>"; };
		68A57100238B6EBD002A3014 /* ParentsDetailViewController.swift */ = {isa = PBXFileReference; lastKnownFileType = sourcecode.swift; path = ParentsDetailViewController.swift; sourceTree = "<group>"; };
		68A5710A238BD3EB002A3014 /* HeaderCollectionReusableView.swift */ = {isa = PBXFileReference; lastKnownFileType = sourcecode.swift; path = HeaderCollectionReusableView.swift; sourceTree = "<group>"; };
		B906746C237C133E00671632 /* Base */ = {isa = PBXFileReference; lastKnownFileType = file.storyboard; name = Base; path = FinalChallengeApp/Base.lproj/Students.storyboard; sourceTree = "<group>"; };
		B906746E237C135300671632 /* Materials.storyboard */ = {isa = PBXFileReference; fileEncoding = 4; lastKnownFileType = file.storyboard; path = Materials.storyboard; sourceTree = "<group>"; };
		B9067471237C136400671632 /* Base */ = {isa = PBXFileReference; lastKnownFileType = file.storyboard; name = Base; path = FinalChallengeApp/Base.lproj/Profile.storyboard; sourceTree = "<group>"; };
		B906747A237C13E800671632 /* StudentsViewController.swift */ = {isa = PBXFileReference; lastKnownFileType = sourcecode.swift; path = StudentsViewController.swift; sourceTree = "<group>"; };
		B91BD496237980010015C934 /* FinalChallengeApp.app */ = {isa = PBXFileReference; explicitFileType = wrapper.application; includeInIndex = 0; path = FinalChallengeApp.app; sourceTree = BUILT_PRODUCTS_DIR; };
		B91BD499237980010015C934 /* AppDelegate.swift */ = {isa = PBXFileReference; lastKnownFileType = sourcecode.swift; path = AppDelegate.swift; sourceTree = "<group>"; };
		B91BD49B237980010015C934 /* SceneDelegate.swift */ = {isa = PBXFileReference; lastKnownFileType = sourcecode.swift; path = SceneDelegate.swift; sourceTree = "<group>"; };
		B91BD49D237980010015C934 /* ViewController.swift */ = {isa = PBXFileReference; lastKnownFileType = sourcecode.swift; path = ViewController.swift; sourceTree = "<group>"; };
		B91BD4A0237980010015C934 /* Base */ = {isa = PBXFileReference; lastKnownFileType = file.storyboard; name = Base; path = Base.lproj/Main.storyboard; sourceTree = "<group>"; };
		B91BD4A3237980010015C934 /* FinalChallengeApp.xcdatamodel */ = {isa = PBXFileReference; lastKnownFileType = wrapper.xcdatamodel; path = FinalChallengeApp.xcdatamodel; sourceTree = "<group>"; };
		B91BD4A5237980020015C934 /* Assets.xcassets */ = {isa = PBXFileReference; lastKnownFileType = folder.assetcatalog; path = Assets.xcassets; sourceTree = "<group>"; };
		B91BD4A8237980020015C934 /* Base */ = {isa = PBXFileReference; lastKnownFileType = file.storyboard; name = Base; path = Base.lproj/LaunchScreen.storyboard; sourceTree = "<group>"; };
		B91BD4AA237980020015C934 /* Info.plist */ = {isa = PBXFileReference; lastKnownFileType = text.plist.xml; path = Info.plist; sourceTree = "<group>"; };
		B91BD4AF237980020015C934 /* FinalChallengeAppTests.xctest */ = {isa = PBXFileReference; explicitFileType = wrapper.cfbundle; includeInIndex = 0; path = FinalChallengeAppTests.xctest; sourceTree = BUILT_PRODUCTS_DIR; };
		B91BD4B3237980020015C934 /* FinalChallengeAppTests.swift */ = {isa = PBXFileReference; lastKnownFileType = sourcecode.swift; path = FinalChallengeAppTests.swift; sourceTree = "<group>"; };
		B91BD4B5237980020015C934 /* Info.plist */ = {isa = PBXFileReference; lastKnownFileType = text.plist.xml; path = Info.plist; sourceTree = "<group>"; };
		B91BD4BA237980020015C934 /* FinalChallengeAppUITests.xctest */ = {isa = PBXFileReference; explicitFileType = wrapper.cfbundle; includeInIndex = 0; path = FinalChallengeAppUITests.xctest; sourceTree = BUILT_PRODUCTS_DIR; };
		B91BD4BE237980020015C934 /* FinalChallengeAppUITests.swift */ = {isa = PBXFileReference; lastKnownFileType = sourcecode.swift; path = FinalChallengeAppUITests.swift; sourceTree = "<group>"; };
		B91BD4C0237980020015C934 /* Info.plist */ = {isa = PBXFileReference; lastKnownFileType = text.plist.xml; path = Info.plist; sourceTree = "<group>"; };
		B9820B7423941DD500C4A6C3 /* EditProfileViewController.swift */ = {isa = PBXFileReference; lastKnownFileType = sourcecode.swift; path = EditProfileViewController.swift; sourceTree = "<group>"; };
		B982CE2E239626D00065FB1D /* SaveNewReport.swift */ = {isa = PBXFileReference; lastKnownFileType = sourcecode.swift; path = SaveNewReport.swift; sourceTree = "<group>"; };
		B9A2EEDE238BD63E0041BB93 /* AddReportModelCK.swift */ = {isa = PBXFileReference; lastKnownFileType = sourcecode.swift; path = AddReportModelCK.swift; sourceTree = "<group>"; };
		B9B548FB237C193800ACB625 /* FinalChallengeApp.entitlements */ = {isa = PBXFileReference; lastKnownFileType = text.plist.entitlements; path = FinalChallengeApp.entitlements; sourceTree = "<group>"; };
		B9B548FD237C195000ACB625 /* CloudKit.framework */ = {isa = PBXFileReference; lastKnownFileType = wrapper.framework; name = CloudKit.framework; path = System/Library/Frameworks/CloudKit.framework; sourceTree = SDKROOT; };
		B9BC0D98238420A30063DC95 /* ParentNotesCKModel.swift */ = {isa = PBXFileReference; lastKnownFileType = sourcecode.swift; path = ParentNotesCKModel.swift; sourceTree = "<group>"; };
		B9BC0D9A238537040063DC95 /* ProfileTherapistCKModel.swift */ = {isa = PBXFileReference; lastKnownFileType = sourcecode.swift; path = ProfileTherapistCKModel.swift; sourceTree = "<group>"; };
		B9C016FE2395291E0051D9FC /* SaveEditedProfile.swift */ = {isa = PBXFileReference; lastKnownFileType = sourcecode.swift; path = SaveEditedProfile.swift; sourceTree = "<group>"; };
		B9D1302B23969E1100A4F8B2 /* DetailedReportDataManager.swift */ = {isa = PBXFileReference; lastKnownFileType = sourcecode.swift; path = DetailedReportDataManager.swift; sourceTree = "<group>"; };
		B9D1302D2397686500A4F8B2 /* DetailedReportCKModel.swift */ = {isa = PBXFileReference; lastKnownFileType = sourcecode.swift; path = DetailedReportCKModel.swift; sourceTree = "<group>"; };
		B9D1302F23981F5B00A4F8B2 /* DetailedParentNotesDataManager.swift */ = {isa = PBXFileReference; lastKnownFileType = sourcecode.swift; path = DetailedParentNotesDataManager.swift; sourceTree = "<group>"; };
		B9D9B32923829614005CCDBB /* TherapySessionCKModel.swift */ = {isa = PBXFileReference; lastKnownFileType = sourcecode.swift; path = TherapySessionCKModel.swift; sourceTree = "<group>"; };
		B9F81F8C237D44DD0040F09C /* StudentCKModel.swift */ = {isa = PBXFileReference; lastKnownFileType = sourcecode.swift; path = StudentCKModel.swift; sourceTree = "<group>"; };
		B9F81F92237E835E0040F09C /* TherapyScheduleCKModel.swift */ = {isa = PBXFileReference; lastKnownFileType = sourcecode.swift; path = TherapyScheduleCKModel.swift; sourceTree = "<group>"; };
		B9F87B132398DF6B00985864 /* ImagePickerManager.swift */ = {isa = PBXFileReference; lastKnownFileType = sourcecode.swift; path = ImagePickerManager.swift; sourceTree = "<group>"; };
/* End PBXFileReference section */

/* Begin PBXFrameworksBuildPhase section */
		B91BD493237980010015C934 /* Frameworks */ = {
			isa = PBXFrameworksBuildPhase;
			buildActionMask = 2147483647;
			files = (
				B9B548FE237C195000ACB625 /* CloudKit.framework in Frameworks */,
			);
			runOnlyForDeploymentPostprocessing = 0;
		};
		B91BD4AC237980020015C934 /* Frameworks */ = {
			isa = PBXFrameworksBuildPhase;
			buildActionMask = 2147483647;
			files = (
			);
			runOnlyForDeploymentPostprocessing = 0;
		};
		B91BD4B7237980020015C934 /* Frameworks */ = {
			isa = PBXFrameworksBuildPhase;
			buildActionMask = 2147483647;
			files = (
			);
			runOnlyForDeploymentPostprocessing = 0;
		};
/* End PBXFrameworksBuildPhase section */

/* Begin PBXGroup section */
		687E7D88239651E600331EAE /* Header */ = {
			isa = PBXGroup;
			children = (
				68A5710A238BD3EB002A3014 /* HeaderCollectionReusableView.swift */,
				687E7D86239651D900331EAE /* HeaderEditCollectionReusableView.swift */,
			);
			path = Header;
			sourceTree = "<group>";
		};
		687E7D932396762A00331EAE /* Collection View Cell */ = {
			isa = PBXGroup;
			children = (
				68A570E5238AA34B002A3014 /* ProgramCollectionViewCell.swift */,
				687E7D892396524100331EAE /* EditProgramCollectionViewCell.swift */,
				687E7D8B2396597F00331EAE /* AddProgramCollectionViewCell.swift */,
			);
			path = "Collection View Cell";
			sourceTree = "<group>";
		};
		687E7D942396763800331EAE /* Tabel View Cell */ = {
			isa = PBXGroup;
			children = (
				68A570FA238AB3EB002A3014 /* ActivityTaskTableViewCell.swift */,
				68A570FE238AB614002A3014 /* ProgramTitleTableViewCell.swift */,
				687E7D8D2396680700331EAE /* AddActivityTableViewCell.swift */,
				687E7D952396769100331EAE /* DefaultTextFieldTableViewCell.swift */,
				687E7D97239676A200331EAE /* CustomTextFieldTableViewCell.swift */,
				687E7D99239676B100331EAE /* CheckBoxTableViewCell.swift */,
			);
			path = "Tabel View Cell";
			sourceTree = "<group>";
		};
		68A57093237E7BCF002A3014 /* Cell */ = {
			isa = PBXGroup;
			children = (
				68A570E9238AA3A4002A3014 /* Students */,
				68A570EB238AA3B8002A3014 /* Materials */,
			);
			path = Cell;
			sourceTree = "<group>";
		};
		68A570E7238AA361002A3014 /* Materials */ = {
			isa = PBXGroup;
			children = (
				68A570EC238AA3DE002A3014 /* MaterialsViewController.swift */,
				68A570F6238AB389002A3014 /* ActivityViewController.swift */,
				687E7D84239651A000331EAE /* EditMaterialsViewController.swift */,
				687E7D9123966E6600331EAE /* NewActivityViewController.swift */,
				687E7D88239651E600331EAE /* Header */,
			);
			path = Materials;
			sourceTree = "<group>";
		};
		68A570E8238AA384002A3014 /* Students */ = {
			isa = PBXGroup;
			children = (
				B906747A237C13E800671632 /* StudentsViewController.swift */,
				68A570B52383D45E002A3014 /* ReportViewController.swift */,
				68A570CC2384F423002A3014 /* DetailTherapistReportViewController.swift */,
				68A57100238B6EBD002A3014 /* ParentsDetailViewController.swift */,
				68A570D02384FFAD002A3014 /* ViewDetailViewController.swift */,
				68A570C62384F378002A3014 /* AddReportViewController.swift */,
				68A570E32387C586002A3014 /* SummaryViewController.swift */,
				687E7D5A2390D21500331EAE /* AddStudentViewController.swift */,
				687E7D5C2390E3AB00331EAE /* NewStudentPreviewViewController.swift */,
			);
			path = Students;
			sourceTree = "<group>";
		};
		68A570E9238AA3A4002A3014 /* Students */ = {
			isa = PBXGroup;
			children = (
				68A57094237E7BE1002A3014 /* StudentsTableViewCell.swift */,
				68A570B72383D479002A3014 /* ReportTableViewCell.swift */,
				68A570CE2384F43C002A3014 /* DetailTableViewCell.swift */,
				68A570D4238544E4002A3014 /* NotesTableViewCell.swift */,
				68A570D6238544F5002A3014 /* AttachmentsTableViewCell.swift */,
				68A570D82386887C002A3014 /* ActivityTableViewCell.swift */,
				68A570DD2386C079002A3014 /* DetailSummaryTableViewCell.swift */,
				68A570DF2386C09B002A3014 /* NotesSummaryTableViewCell.swift */,
			);
			path = Students;
			sourceTree = "<group>";
		};
		68A570EB238AA3B8002A3014 /* Materials */ = {
			isa = PBXGroup;
			children = (
				687E7D942396763800331EAE /* Tabel View Cell */,
				687E7D932396762A00331EAE /* Collection View Cell */,
			);
			path = Materials;
			sourceTree = "<group>";
		};
		68A570EF238AA42A002A3014 /* Profile */ = {
			isa = PBXGroup;
			children = (
				68A570F0238AA43C002A3014 /* ProfileViewController.swift */,
				B9820B7423941DD500C4A6C3 /* EditProfileViewController.swift */,
			);
			path = Profile;
			sourceTree = "<group>";
		};
		B9067474237C138C00671632 /* View */ = {
			isa = PBXGroup;
			children = (
				68A57093237E7BCF002A3014 /* Cell */,
				B9067470237C136400671632 /* Profile.storyboard */,
				B906746E237C135300671632 /* Materials.storyboard */,
				B906746B237C133E00671632 /* Students.storyboard */,
			);
			path = View;
			sourceTree = "<group>";
		};
		B9067475237C139A00671632 /* Controller */ = {
			isa = PBXGroup;
			children = (
				B9F87B132398DF6B00985864 /* ImagePickerManager.swift */,
				68A570EF238AA42A002A3014 /* Profile */,
				68A570E8238AA384002A3014 /* Students */,
				68A570E7238AA361002A3014 /* Materials */,
			);
			path = Controller;
			sourceTree = "<group>";
		};
		B91BD48D237980010015C934 = {
			isa = PBXGroup;
			children = (
				B91BD498237980010015C934 /* FinalChallengeApp */,
				B91BD4B2237980020015C934 /* FinalChallengeAppTests */,
				B91BD4BD237980020015C934 /* FinalChallengeAppUITests */,
				B91BD497237980010015C934 /* Products */,
				B9B548FC237C195000ACB625 /* Frameworks */,
			);
			sourceTree = "<group>";
		};
		B91BD497237980010015C934 /* Products */ = {
			isa = PBXGroup;
			children = (
				B91BD496237980010015C934 /* FinalChallengeApp.app */,
				B91BD4AF237980020015C934 /* FinalChallengeAppTests.xctest */,
				B91BD4BA237980020015C934 /* FinalChallengeAppUITests.xctest */,
			);
			name = Products;
			sourceTree = "<group>";
		};
		B91BD498237980010015C934 /* FinalChallengeApp */ = {
			isa = PBXGroup;
			children = (
				B9B548FB237C193800ACB625 /* FinalChallengeApp.entitlements */,
				B9067475237C139A00671632 /* Controller */,
				B9067474237C138C00671632 /* View */,
				B9C01700239529280051D9FC /* Manager */,
				B9F81F8B237D44BE0040F09C /* ModelCK */,
				B91BD499237980010015C934 /* AppDelegate.swift */,
				B91BD49B237980010015C934 /* SceneDelegate.swift */,
				B91BD49D237980010015C934 /* ViewController.swift */,
				B91BD49F237980010015C934 /* Main.storyboard */,
				B91BD4A5237980020015C934 /* Assets.xcassets */,
				B91BD4A7237980020015C934 /* LaunchScreen.storyboard */,
				B91BD4AA237980020015C934 /* Info.plist */,
				B91BD4A2237980010015C934 /* FinalChallengeApp.xcdatamodeld */,
			);
			path = FinalChallengeApp;
			sourceTree = "<group>";
		};
		B91BD4B2237980020015C934 /* FinalChallengeAppTests */ = {
			isa = PBXGroup;
			children = (
				B91BD4B3237980020015C934 /* FinalChallengeAppTests.swift */,
				B91BD4B5237980020015C934 /* Info.plist */,
			);
			path = FinalChallengeAppTests;
			sourceTree = "<group>";
		};
		B91BD4BD237980020015C934 /* FinalChallengeAppUITests */ = {
			isa = PBXGroup;
			children = (
				B91BD4BE237980020015C934 /* FinalChallengeAppUITests.swift */,
				B91BD4C0237980020015C934 /* Info.plist */,
			);
			path = FinalChallengeAppUITests;
			sourceTree = "<group>";
		};
		B9B548FC237C195000ACB625 /* Frameworks */ = {
			isa = PBXGroup;
			children = (
				B9B548FD237C195000ACB625 /* CloudKit.framework */,
			);
			name = Frameworks;
			sourceTree = "<group>";
		};
		B9C01700239529280051D9FC /* Manager */ = {
			isa = PBXGroup;
			children = (
				B9C016FE2395291E0051D9FC /* SaveEditedProfile.swift */,
				B982CE2E239626D00065FB1D /* SaveNewReport.swift */,
				B9D1302B23969E1100A4F8B2 /* DetailedReportDataManager.swift */,
				B9D1302F23981F5B00A4F8B2 /* DetailedParentNotesDataManager.swift */,
			);
			path = Manager;
			sourceTree = "<group>";
		};
		B9F81F8B237D44BE0040F09C /* ModelCK */ = {
			isa = PBXGroup;
			children = (
				B9F81F8C237D44DD0040F09C /* StudentCKModel.swift */,
				B9F81F92237E835E0040F09C /* TherapyScheduleCKModel.swift */,
				B9D9B32923829614005CCDBB /* TherapySessionCKModel.swift */,
				B9BC0D98238420A30063DC95 /* ParentNotesCKModel.swift */,
				B9BC0D9A238537040063DC95 /* ProfileTherapistCKModel.swift */,
				B9A2EEDE238BD63E0041BB93 /* AddReportModelCK.swift */,
				B9D1302D2397686500A4F8B2 /* DetailedReportCKModel.swift */,
			);
			path = ModelCK;
			sourceTree = "<group>";
		};
/* End PBXGroup section */

/* Begin PBXNativeTarget section */
		B91BD495237980010015C934 /* FinalChallengeApp */ = {
			isa = PBXNativeTarget;
			buildConfigurationList = B91BD4C3237980020015C934 /* Build configuration list for PBXNativeTarget "FinalChallengeApp" */;
			buildPhases = (
				B91BD492237980010015C934 /* Sources */,
				B91BD493237980010015C934 /* Frameworks */,
				B91BD494237980010015C934 /* Resources */,
			);
			buildRules = (
			);
			dependencies = (
			);
			name = FinalChallengeApp;
			productName = FinalChallengeApp;
			productReference = B91BD496237980010015C934 /* FinalChallengeApp.app */;
			productType = "com.apple.product-type.application";
		};
		B91BD4AE237980020015C934 /* FinalChallengeAppTests */ = {
			isa = PBXNativeTarget;
			buildConfigurationList = B91BD4C6237980020015C934 /* Build configuration list for PBXNativeTarget "FinalChallengeAppTests" */;
			buildPhases = (
				B91BD4AB237980020015C934 /* Sources */,
				B91BD4AC237980020015C934 /* Frameworks */,
				B91BD4AD237980020015C934 /* Resources */,
			);
			buildRules = (
			);
			dependencies = (
				B91BD4B1237980020015C934 /* PBXTargetDependency */,
			);
			name = FinalChallengeAppTests;
			productName = FinalChallengeAppTests;
			productReference = B91BD4AF237980020015C934 /* FinalChallengeAppTests.xctest */;
			productType = "com.apple.product-type.bundle.unit-test";
		};
		B91BD4B9237980020015C934 /* FinalChallengeAppUITests */ = {
			isa = PBXNativeTarget;
			buildConfigurationList = B91BD4C9237980020015C934 /* Build configuration list for PBXNativeTarget "FinalChallengeAppUITests" */;
			buildPhases = (
				B91BD4B6237980020015C934 /* Sources */,
				B91BD4B7237980020015C934 /* Frameworks */,
				B91BD4B8237980020015C934 /* Resources */,
			);
			buildRules = (
			);
			dependencies = (
				B91BD4BC237980020015C934 /* PBXTargetDependency */,
			);
			name = FinalChallengeAppUITests;
			productName = FinalChallengeAppUITests;
			productReference = B91BD4BA237980020015C934 /* FinalChallengeAppUITests.xctest */;
			productType = "com.apple.product-type.bundle.ui-testing";
		};
/* End PBXNativeTarget section */

/* Begin PBXProject section */
		B91BD48E237980010015C934 /* Project object */ = {
			isa = PBXProject;
			attributes = {
				LastSwiftUpdateCheck = 1120;
				LastUpgradeCheck = 1120;
				ORGANIZATIONNAME = "George Joseph Kristian";
				TargetAttributes = {
					B91BD495237980010015C934 = {
						CreatedOnToolsVersion = 11.2;
					};
					B91BD4AE237980020015C934 = {
						CreatedOnToolsVersion = 11.2;
						TestTargetID = B91BD495237980010015C934;
					};
					B91BD4B9237980020015C934 = {
						CreatedOnToolsVersion = 11.2;
						TestTargetID = B91BD495237980010015C934;
					};
				};
			};
			buildConfigurationList = B91BD491237980010015C934 /* Build configuration list for PBXProject "FinalChallengeApp" */;
			compatibilityVersion = "Xcode 9.3";
			developmentRegion = en;
			hasScannedForEncodings = 0;
			knownRegions = (
				en,
				Base,
			);
			mainGroup = B91BD48D237980010015C934;
			productRefGroup = B91BD497237980010015C934 /* Products */;
			projectDirPath = "";
			projectRoot = "";
			targets = (
				B91BD495237980010015C934 /* FinalChallengeApp */,
				B91BD4AE237980020015C934 /* FinalChallengeAppTests */,
				B91BD4B9237980020015C934 /* FinalChallengeAppUITests */,
			);
		};
/* End PBXProject section */

/* Begin PBXResourcesBuildPhase section */
		B91BD494237980010015C934 /* Resources */ = {
			isa = PBXResourcesBuildPhase;
			buildActionMask = 2147483647;
			files = (
				B9067472237C136400671632 /* Profile.storyboard in Resources */,
				B906746D237C133E00671632 /* Students.storyboard in Resources */,
				B906746F237C135300671632 /* Materials.storyboard in Resources */,
				B91BD4A9237980020015C934 /* LaunchScreen.storyboard in Resources */,
				B91BD4A6237980020015C934 /* Assets.xcassets in Resources */,
				B91BD4A1237980010015C934 /* Main.storyboard in Resources */,
			);
			runOnlyForDeploymentPostprocessing = 0;
		};
		B91BD4AD237980020015C934 /* Resources */ = {
			isa = PBXResourcesBuildPhase;
			buildActionMask = 2147483647;
			files = (
			);
			runOnlyForDeploymentPostprocessing = 0;
		};
		B91BD4B8237980020015C934 /* Resources */ = {
			isa = PBXResourcesBuildPhase;
			buildActionMask = 2147483647;
			files = (
			);
			runOnlyForDeploymentPostprocessing = 0;
		};
/* End PBXResourcesBuildPhase section */

/* Begin PBXSourcesBuildPhase section */
		B91BD492237980010015C934 /* Sources */ = {
			isa = PBXSourcesBuildPhase;
			buildActionMask = 2147483647;
			files = (
				B9A2EEDF238BD63E0041BB93 /* AddReportModelCK.swift in Sources */,
				B91BD4A4237980010015C934 /* FinalChallengeApp.xcdatamodeld in Sources */,
				687E7D8E2396680700331EAE /* AddActivityTableViewCell.swift in Sources */,
				B9BC0D9B238537040063DC95 /* ProfileTherapistCKModel.swift in Sources */,
				68A570CF2384F43C002A3014 /* DetailTableViewCell.swift in Sources */,
				687E7D9223966E6600331EAE /* NewActivityViewController.swift in Sources */,
				68A570E6238AA34B002A3014 /* ProgramCollectionViewCell.swift in Sources */,
				687E7D962396769100331EAE /* DefaultTextFieldTableViewCell.swift in Sources */,
				68A570F7238AB389002A3014 /* ActivityViewController.swift in Sources */,
				68A570DE2386C079002A3014 /* DetailSummaryTableViewCell.swift in Sources */,
				B9F81F8D237D44DD0040F09C /* StudentCKModel.swift in Sources */,
				B982CE2F239626D00065FB1D /* SaveNewReport.swift in Sources */,
				B9D1302E2397686500A4F8B2 /* DetailedReportCKModel.swift in Sources */,
				B91BD49E237980010015C934 /* ViewController.swift in Sources */,
				687E7D8A2396524100331EAE /* EditProgramCollectionViewCell.swift in Sources */,
				68A570B82383D479002A3014 /* ReportTableViewCell.swift in Sources */,
				687E7D5D2390E3AB00331EAE /* NewStudentPreviewViewController.swift in Sources */,
				B9F81F93237E835E0040F09C /* TherapyScheduleCKModel.swift in Sources */,
				B9820B7523941DD500C4A6C3 /* EditProfileViewController.swift in Sources */,
				687E7D8C2396597F00331EAE /* AddProgramCollectionViewCell.swift in Sources */,
				B9D9B32A23829614005CCDBB /* TherapySessionCKModel.swift in Sources */,
				68A570F1238AA43C002A3014 /* ProfileViewController.swift in Sources */,
				68A570CD2384F423002A3014 /* DetailTherapistReportViewController.swift in Sources */,
				687E7D9A239676B100331EAE /* CheckBoxTableViewCell.swift in Sources */,
				68A570CD2384F423002A3014 /* DetailTherapistReportViewController.swift in Sources */,
				68A5710B238BD3EB002A3014 /* HeaderCollectionReusableView.swift in Sources */,
				B9D1303023981F5B00A4F8B2 /* DetailedParentNotesDataManager.swift in Sources */,
				68A570ED238AA3DE002A3014 /* MaterialsViewController.swift in Sources */,
				68A57095237E7BE1002A3014 /* StudentsTableViewCell.swift in Sources */,
				68A570FF238AB614002A3014 /* ProgramTitleTableViewCell.swift in Sources */,
				68A570E02386C09B002A3014 /* NotesSummaryTableViewCell.swift in Sources */,
				68A570D92386887C002A3014 /* ActivityTableViewCell.swift in Sources */,
				687E7D5B2390D21500331EAE /* AddStudentViewController.swift in Sources */,
				68A570FB238AB3EB002A3014 /* ActivityTaskTableViewCell.swift in Sources */,
				68A570E42387C586002A3014 /* SummaryViewController.swift in Sources */,
				687E7D85239651A000331EAE /* EditMaterialsViewController.swift in Sources */,
				B9BC0D99238420A30063DC95 /* ParentNotesCKModel.swift in Sources */,
				68A570B62383D45E002A3014 /* ReportViewController.swift in Sources */,
				687E7D98239676A200331EAE /* CustomTextFieldTableViewCell.swift in Sources */,
				B91BD49A237980010015C934 /* AppDelegate.swift in Sources */,
				B906747B237C13E800671632 /* StudentsViewController.swift in Sources */,
				687E7D87239651D900331EAE /* HeaderEditCollectionReusableView.swift in Sources */,
				B91BD49C237980010015C934 /* SceneDelegate.swift in Sources */,
				68A57101238B6EBD002A3014 /* ParentsDetailViewController.swift in Sources */,
				68A570D7238544F5002A3014 /* AttachmentsTableViewCell.swift in Sources */,
				B9D1302C23969E1100A4F8B2 /* DetailedReportDataManager.swift in Sources */,
				68A570D12384FFAD002A3014 /* ViewDetailViewController.swift in Sources */,
				B9F87B142398DF6B00985864 /* ImagePickerManager.swift in Sources */,
				B9C016FF2395291E0051D9FC /* SaveEditedProfile.swift in Sources */,
				68A570C72384F378002A3014 /* AddReportViewController.swift in Sources */,
				68A570D5238544E4002A3014 /* NotesTableViewCell.swift in Sources */,
			);
			runOnlyForDeploymentPostprocessing = 0;
		};
		B91BD4AB237980020015C934 /* Sources */ = {
			isa = PBXSourcesBuildPhase;
			buildActionMask = 2147483647;
			files = (
				B91BD4B4237980020015C934 /* FinalChallengeAppTests.swift in Sources */,
			);
			runOnlyForDeploymentPostprocessing = 0;
		};
		B91BD4B6237980020015C934 /* Sources */ = {
			isa = PBXSourcesBuildPhase;
			buildActionMask = 2147483647;
			files = (
				B91BD4BF237980020015C934 /* FinalChallengeAppUITests.swift in Sources */,
			);
			runOnlyForDeploymentPostprocessing = 0;
		};
/* End PBXSourcesBuildPhase section */

/* Begin PBXTargetDependency section */
		B91BD4B1237980020015C934 /* PBXTargetDependency */ = {
			isa = PBXTargetDependency;
			target = B91BD495237980010015C934 /* FinalChallengeApp */;
			targetProxy = B91BD4B0237980020015C934 /* PBXContainerItemProxy */;
		};
		B91BD4BC237980020015C934 /* PBXTargetDependency */ = {
			isa = PBXTargetDependency;
			target = B91BD495237980010015C934 /* FinalChallengeApp */;
			targetProxy = B91BD4BB237980020015C934 /* PBXContainerItemProxy */;
		};
/* End PBXTargetDependency section */

/* Begin PBXVariantGroup section */
		B906746B237C133E00671632 /* Students.storyboard */ = {
			isa = PBXVariantGroup;
			children = (
				B906746C237C133E00671632 /* Base */,
			);
			name = Students.storyboard;
			sourceTree = "<group>";
		};
		B9067470237C136400671632 /* Profile.storyboard */ = {
			isa = PBXVariantGroup;
			children = (
				B9067471237C136400671632 /* Base */,
			);
			name = Profile.storyboard;
			sourceTree = "<group>";
		};
		B91BD49F237980010015C934 /* Main.storyboard */ = {
			isa = PBXVariantGroup;
			children = (
				B91BD4A0237980010015C934 /* Base */,
			);
			name = Main.storyboard;
			sourceTree = "<group>";
		};
		B91BD4A7237980020015C934 /* LaunchScreen.storyboard */ = {
			isa = PBXVariantGroup;
			children = (
				B91BD4A8237980020015C934 /* Base */,
			);
			name = LaunchScreen.storyboard;
			sourceTree = "<group>";
		};
/* End PBXVariantGroup section */

/* Begin XCBuildConfiguration section */
		B91BD4C1237980020015C934 /* Debug */ = {
			isa = XCBuildConfiguration;
			buildSettings = {
				ALWAYS_SEARCH_USER_PATHS = NO;
				CLANG_ANALYZER_NONNULL = YES;
				CLANG_ANALYZER_NUMBER_OBJECT_CONVERSION = YES_AGGRESSIVE;
				CLANG_CXX_LANGUAGE_STANDARD = "gnu++14";
				CLANG_CXX_LIBRARY = "libc++";
				CLANG_ENABLE_MODULES = YES;
				CLANG_ENABLE_OBJC_ARC = YES;
				CLANG_ENABLE_OBJC_WEAK = YES;
				CLANG_WARN_BLOCK_CAPTURE_AUTORELEASING = YES;
				CLANG_WARN_BOOL_CONVERSION = YES;
				CLANG_WARN_COMMA = YES;
				CLANG_WARN_CONSTANT_CONVERSION = YES;
				CLANG_WARN_DEPRECATED_OBJC_IMPLEMENTATIONS = YES;
				CLANG_WARN_DIRECT_OBJC_ISA_USAGE = YES_ERROR;
				CLANG_WARN_DOCUMENTATION_COMMENTS = YES;
				CLANG_WARN_EMPTY_BODY = YES;
				CLANG_WARN_ENUM_CONVERSION = YES;
				CLANG_WARN_INFINITE_RECURSION = YES;
				CLANG_WARN_INT_CONVERSION = YES;
				CLANG_WARN_NON_LITERAL_NULL_CONVERSION = YES;
				CLANG_WARN_OBJC_IMPLICIT_RETAIN_SELF = YES;
				CLANG_WARN_OBJC_LITERAL_CONVERSION = YES;
				CLANG_WARN_OBJC_ROOT_CLASS = YES_ERROR;
				CLANG_WARN_RANGE_LOOP_ANALYSIS = YES;
				CLANG_WARN_STRICT_PROTOTYPES = YES;
				CLANG_WARN_SUSPICIOUS_MOVE = YES;
				CLANG_WARN_UNGUARDED_AVAILABILITY = YES_AGGRESSIVE;
				CLANG_WARN_UNREACHABLE_CODE = YES;
				CLANG_WARN__DUPLICATE_METHOD_MATCH = YES;
				COPY_PHASE_STRIP = NO;
				DEBUG_INFORMATION_FORMAT = dwarf;
				ENABLE_STRICT_OBJC_MSGSEND = YES;
				ENABLE_TESTABILITY = YES;
				GCC_C_LANGUAGE_STANDARD = gnu11;
				GCC_DYNAMIC_NO_PIC = NO;
				GCC_NO_COMMON_BLOCKS = YES;
				GCC_OPTIMIZATION_LEVEL = 0;
				GCC_PREPROCESSOR_DEFINITIONS = (
					"DEBUG=1",
					"$(inherited)",
				);
				GCC_WARN_64_TO_32_BIT_CONVERSION = YES;
				GCC_WARN_ABOUT_RETURN_TYPE = YES_ERROR;
				GCC_WARN_UNDECLARED_SELECTOR = YES;
				GCC_WARN_UNINITIALIZED_AUTOS = YES_AGGRESSIVE;
				GCC_WARN_UNUSED_FUNCTION = YES;
				GCC_WARN_UNUSED_VARIABLE = YES;
				IPHONEOS_DEPLOYMENT_TARGET = 13.0;
				MTL_ENABLE_DEBUG_INFO = INCLUDE_SOURCE;
				MTL_FAST_MATH = YES;
				ONLY_ACTIVE_ARCH = YES;
				SDKROOT = iphoneos;
				SWIFT_ACTIVE_COMPILATION_CONDITIONS = DEBUG;
				SWIFT_OPTIMIZATION_LEVEL = "-Onone";
			};
			name = Debug;
		};
		B91BD4C2237980020015C934 /* Release */ = {
			isa = XCBuildConfiguration;
			buildSettings = {
				ALWAYS_SEARCH_USER_PATHS = NO;
				CLANG_ANALYZER_NONNULL = YES;
				CLANG_ANALYZER_NUMBER_OBJECT_CONVERSION = YES_AGGRESSIVE;
				CLANG_CXX_LANGUAGE_STANDARD = "gnu++14";
				CLANG_CXX_LIBRARY = "libc++";
				CLANG_ENABLE_MODULES = YES;
				CLANG_ENABLE_OBJC_ARC = YES;
				CLANG_ENABLE_OBJC_WEAK = YES;
				CLANG_WARN_BLOCK_CAPTURE_AUTORELEASING = YES;
				CLANG_WARN_BOOL_CONVERSION = YES;
				CLANG_WARN_COMMA = YES;
				CLANG_WARN_CONSTANT_CONVERSION = YES;
				CLANG_WARN_DEPRECATED_OBJC_IMPLEMENTATIONS = YES;
				CLANG_WARN_DIRECT_OBJC_ISA_USAGE = YES_ERROR;
				CLANG_WARN_DOCUMENTATION_COMMENTS = YES;
				CLANG_WARN_EMPTY_BODY = YES;
				CLANG_WARN_ENUM_CONVERSION = YES;
				CLANG_WARN_INFINITE_RECURSION = YES;
				CLANG_WARN_INT_CONVERSION = YES;
				CLANG_WARN_NON_LITERAL_NULL_CONVERSION = YES;
				CLANG_WARN_OBJC_IMPLICIT_RETAIN_SELF = YES;
				CLANG_WARN_OBJC_LITERAL_CONVERSION = YES;
				CLANG_WARN_OBJC_ROOT_CLASS = YES_ERROR;
				CLANG_WARN_RANGE_LOOP_ANALYSIS = YES;
				CLANG_WARN_STRICT_PROTOTYPES = YES;
				CLANG_WARN_SUSPICIOUS_MOVE = YES;
				CLANG_WARN_UNGUARDED_AVAILABILITY = YES_AGGRESSIVE;
				CLANG_WARN_UNREACHABLE_CODE = YES;
				CLANG_WARN__DUPLICATE_METHOD_MATCH = YES;
				COPY_PHASE_STRIP = NO;
				DEBUG_INFORMATION_FORMAT = "dwarf-with-dsym";
				ENABLE_NS_ASSERTIONS = NO;
				ENABLE_STRICT_OBJC_MSGSEND = YES;
				GCC_C_LANGUAGE_STANDARD = gnu11;
				GCC_NO_COMMON_BLOCKS = YES;
				GCC_WARN_64_TO_32_BIT_CONVERSION = YES;
				GCC_WARN_ABOUT_RETURN_TYPE = YES_ERROR;
				GCC_WARN_UNDECLARED_SELECTOR = YES;
				GCC_WARN_UNINITIALIZED_AUTOS = YES_AGGRESSIVE;
				GCC_WARN_UNUSED_FUNCTION = YES;
				GCC_WARN_UNUSED_VARIABLE = YES;
				IPHONEOS_DEPLOYMENT_TARGET = 13.0;
				MTL_ENABLE_DEBUG_INFO = NO;
				MTL_FAST_MATH = YES;
				SDKROOT = iphoneos;
				SWIFT_COMPILATION_MODE = wholemodule;
				SWIFT_OPTIMIZATION_LEVEL = "-O";
				VALIDATE_PRODUCT = YES;
			};
			name = Release;
		};
		B91BD4C4237980020015C934 /* Debug */ = {
			isa = XCBuildConfiguration;
			buildSettings = {
				ASSETCATALOG_COMPILER_APPICON_NAME = AppIcon;
				CODE_SIGN_ENTITLEMENTS = FinalChallengeApp/FinalChallengeApp.entitlements;
				CODE_SIGN_STYLE = Automatic;
				DEVELOPMENT_TEAM = A59P6GV5MM;
				INFOPLIST_FILE = FinalChallengeApp/Info.plist;
				IPHONEOS_DEPLOYMENT_TARGET = 13.0;
				LD_RUNPATH_SEARCH_PATHS = (
					"$(inherited)",
					"@executable_path/Frameworks",
				);
				PRODUCT_BUNDLE_IDENTIFIER = com.jorjyeah.FinalChallengeAppNew;
				PRODUCT_NAME = "$(TARGET_NAME)";
				SWIFT_VERSION = 5.0;
				TARGETED_DEVICE_FAMILY = "1,2";
			};
			name = Debug;
		};
		B91BD4C5237980020015C934 /* Release */ = {
			isa = XCBuildConfiguration;
			buildSettings = {
				ASSETCATALOG_COMPILER_APPICON_NAME = AppIcon;
				CODE_SIGN_ENTITLEMENTS = FinalChallengeApp/FinalChallengeApp.entitlements;
				CODE_SIGN_STYLE = Automatic;
				DEVELOPMENT_TEAM = A59P6GV5MM;
				INFOPLIST_FILE = FinalChallengeApp/Info.plist;
				IPHONEOS_DEPLOYMENT_TARGET = 13.0;
				LD_RUNPATH_SEARCH_PATHS = (
					"$(inherited)",
					"@executable_path/Frameworks",
				);
				PRODUCT_BUNDLE_IDENTIFIER = com.jorjyeah.FinalChallengeAppNew;
				PRODUCT_NAME = "$(TARGET_NAME)";
				SWIFT_VERSION = 5.0;
				TARGETED_DEVICE_FAMILY = "1,2";
			};
			name = Release;
		};
		B91BD4C7237980020015C934 /* Debug */ = {
			isa = XCBuildConfiguration;
			buildSettings = {
				ALWAYS_EMBED_SWIFT_STANDARD_LIBRARIES = YES;
				BUNDLE_LOADER = "$(TEST_HOST)";
				CODE_SIGN_STYLE = Automatic;
				DEVELOPMENT_TEAM = A59P6GV5MM;
				INFOPLIST_FILE = FinalChallengeAppTests/Info.plist;
				IPHONEOS_DEPLOYMENT_TARGET = 13.2;
				LD_RUNPATH_SEARCH_PATHS = (
					"$(inherited)",
					"@executable_path/Frameworks",
					"@loader_path/Frameworks",
				);
				PRODUCT_BUNDLE_IDENTIFIER = com.jorjyeah.FinalChallengeAppTests;
				PRODUCT_NAME = "$(TARGET_NAME)";
				SWIFT_VERSION = 5.0;
				TARGETED_DEVICE_FAMILY = "1,2";
				TEST_HOST = "$(BUILT_PRODUCTS_DIR)/FinalChallengeApp.app/FinalChallengeApp";
			};
			name = Debug;
		};
		B91BD4C8237980020015C934 /* Release */ = {
			isa = XCBuildConfiguration;
			buildSettings = {
				ALWAYS_EMBED_SWIFT_STANDARD_LIBRARIES = YES;
				BUNDLE_LOADER = "$(TEST_HOST)";
				CODE_SIGN_STYLE = Automatic;
				DEVELOPMENT_TEAM = A59P6GV5MM;
				INFOPLIST_FILE = FinalChallengeAppTests/Info.plist;
				IPHONEOS_DEPLOYMENT_TARGET = 13.2;
				LD_RUNPATH_SEARCH_PATHS = (
					"$(inherited)",
					"@executable_path/Frameworks",
					"@loader_path/Frameworks",
				);
				PRODUCT_BUNDLE_IDENTIFIER = com.jorjyeah.FinalChallengeAppTests;
				PRODUCT_NAME = "$(TARGET_NAME)";
				SWIFT_VERSION = 5.0;
				TARGETED_DEVICE_FAMILY = "1,2";
				TEST_HOST = "$(BUILT_PRODUCTS_DIR)/FinalChallengeApp.app/FinalChallengeApp";
			};
			name = Release;
		};
		B91BD4CA237980020015C934 /* Debug */ = {
			isa = XCBuildConfiguration;
			buildSettings = {
				ALWAYS_EMBED_SWIFT_STANDARD_LIBRARIES = YES;
				CODE_SIGN_STYLE = Automatic;
				DEVELOPMENT_TEAM = A59P6GV5MM;
				INFOPLIST_FILE = FinalChallengeAppUITests/Info.plist;
				LD_RUNPATH_SEARCH_PATHS = (
					"$(inherited)",
					"@executable_path/Frameworks",
					"@loader_path/Frameworks",
				);
				PRODUCT_BUNDLE_IDENTIFIER = com.jorjyeah.FinalChallengeAppUITests;
				PRODUCT_NAME = "$(TARGET_NAME)";
				SWIFT_VERSION = 5.0;
				TARGETED_DEVICE_FAMILY = "1,2";
				TEST_TARGET_NAME = FinalChallengeApp;
			};
			name = Debug;
		};
		B91BD4CB237980020015C934 /* Release */ = {
			isa = XCBuildConfiguration;
			buildSettings = {
				ALWAYS_EMBED_SWIFT_STANDARD_LIBRARIES = YES;
				CODE_SIGN_STYLE = Automatic;
				DEVELOPMENT_TEAM = A59P6GV5MM;
				INFOPLIST_FILE = FinalChallengeAppUITests/Info.plist;
				LD_RUNPATH_SEARCH_PATHS = (
					"$(inherited)",
					"@executable_path/Frameworks",
					"@loader_path/Frameworks",
				);
				PRODUCT_BUNDLE_IDENTIFIER = com.jorjyeah.FinalChallengeAppUITests;
				PRODUCT_NAME = "$(TARGET_NAME)";
				SWIFT_VERSION = 5.0;
				TARGETED_DEVICE_FAMILY = "1,2";
				TEST_TARGET_NAME = FinalChallengeApp;
			};
			name = Release;
		};
/* End XCBuildConfiguration section */

/* Begin XCConfigurationList section */
		B91BD491237980010015C934 /* Build configuration list for PBXProject "FinalChallengeApp" */ = {
			isa = XCConfigurationList;
			buildConfigurations = (
				B91BD4C1237980020015C934 /* Debug */,
				B91BD4C2237980020015C934 /* Release */,
			);
			defaultConfigurationIsVisible = 0;
			defaultConfigurationName = Release;
		};
		B91BD4C3237980020015C934 /* Build configuration list for PBXNativeTarget "FinalChallengeApp" */ = {
			isa = XCConfigurationList;
			buildConfigurations = (
				B91BD4C4237980020015C934 /* Debug */,
				B91BD4C5237980020015C934 /* Release */,
			);
			defaultConfigurationIsVisible = 0;
			defaultConfigurationName = Release;
		};
		B91BD4C6237980020015C934 /* Build configuration list for PBXNativeTarget "FinalChallengeAppTests" */ = {
			isa = XCConfigurationList;
			buildConfigurations = (
				B91BD4C7237980020015C934 /* Debug */,
				B91BD4C8237980020015C934 /* Release */,
			);
			defaultConfigurationIsVisible = 0;
			defaultConfigurationName = Release;
		};
		B91BD4C9237980020015C934 /* Build configuration list for PBXNativeTarget "FinalChallengeAppUITests" */ = {
			isa = XCConfigurationList;
			buildConfigurations = (
				B91BD4CA237980020015C934 /* Debug */,
				B91BD4CB237980020015C934 /* Release */,
			);
			defaultConfigurationIsVisible = 0;
			defaultConfigurationName = Release;
		};
/* End XCConfigurationList section */

/* Begin XCVersionGroup section */
		B91BD4A2237980010015C934 /* FinalChallengeApp.xcdatamodeld */ = {
			isa = XCVersionGroup;
			children = (
				B91BD4A3237980010015C934 /* FinalChallengeApp.xcdatamodel */,
			);
			currentVersion = B91BD4A3237980010015C934 /* FinalChallengeApp.xcdatamodel */;
			path = FinalChallengeApp.xcdatamodeld;
			sourceTree = "<group>";
			versionGroupType = wrapper.xcdatamodel;
		};
/* End XCVersionGroup section */
	};
	rootObject = B91BD48E237980010015C934 /* Project object */;
}
